
Microsoft Visual Studio Solution File, Format Version 12.00
# Visual Studio Version 16
VisualStudioVersion = 16.0.31613.86
MinimumVisualStudioVersion = 10.0.40219.1
Project("{FAE04EC0-301F-11D3-BF4B-00C04F79EFBC}") = "Pattern1", "Pattern1\Pattern1.csproj", "{B9D8B8F5-854E-48FB-9780-6ACBB1CB56F8}"
EndProject
Global
	GlobalSection(SolutionConfigurationPlatforms) = preSolution
		Debug|Any CPU = Debug|Any CPU
		Release|Any CPU = Release|Any CPU
	EndGlobalSection
	GlobalSection(ProjectConfigurationPlatforms) = postSolution
		{B9D8B8F5-854E-48FB-9780-6ACBB1CB56F8}.Debug|Any CPU.ActiveCfg = Debug|Any CPU
		{B9D8B8F5-854E-48FB-9780-6ACBB1CB56F8}.Debug|Any CPU.Build.0 = Debug|Any CPU
		{B9D8B8F5-854E-48FB-9780-6ACBB1CB56F8}.Release|Any CPU.ActiveCfg = Release|Any CPU
		{B9D8B8F5-854E-48FB-9780-6ACBB1CB56F8}.Release|Any CPU.Build.0 = Release|Any CPU
	EndGlobalSection
	GlobalSection(SolutionProperties) = preSolution
		HideSolutionNode = FALSE
	EndGlobalSection
	GlobalSection(ExtensibilityGlobals) = postSolution
		SolutionGuid = {15A8486E-6E75-4B53-B332-A1AA32319686}
	EndGlobalSection
EndGlobal
